{
  "name": "@ull-esit-pl/jison-lex",
  "version": "0.3.5",
  "lockfileVersion": 3,
  "requires": true,
  "packages": {
    "": {
      "name": "@ull-esit-pl/jison-lex",
      "version": "0.3.5",
      "dependencies": {
        "commander": "^11.0.3",
        "lex-parser": "0.1.x"
      },
      "bin": {
        "jison-lex": "cli.js"
      },
      "devDependencies": {
        "test": "0.4.4"
      },
      "engines": {
        "node": ">=0.4"
      }
    },
    "node_modules/commander": {
      "version": "11.1.0",
      "resolved": "https://registry.npmjs.org/commander/-/commander-11.1.0.tgz",
      "integrity": "sha512-yPVavfyCcRhmorC7rWlkHn15b4wDVgVmBA7kV4QVBsF7kv/9TKJAbAXVTxvTnwP8HHKjRCJDClKbciiYS7p0DQ==",
      "license": "MIT",
      "engines": {
        "node": ">=16"
      }
    },
    "node_modules/lex-parser": {
      "version": "0.1.4",
      "resolved": "https://registry.npmjs.org/lex-parser/-/lex-parser-0.1.4.tgz",
      "integrity": "sha512-DuAEISsr1H4LOpmFLkyMc8YStiRWZCO8hMsoXAXSbgyfvs2WQhSt0+/FBv3ZU/JBFZMGcE+FWzEBSzwUU7U27w==",
      "license": "MIT"
    },
    "node_modules/test": {
      "version": "0.4.4",
      "resolved": "https://registry.npmjs.org/test/-/test-0.4.4.tgz",
      "integrity": "sha512-VFINPWUPxRYJFOSp33jxXiyamD5eLiivjIx/url0YQ08KN87ZZE9WKmGQQb85zsVZVT6lLKradsZgyYnKjTwGQ==",
      "dev": true,
      "engines": {
        "node": ">=0.4.x"
      }
    }
  }
}
